PODS:
  - BoxData (0.1.0)
  - Nimble (7.3.4)
  - Quick (1.2.0)

DEPENDENCIES:
  - BoxData (from `../`)
  - Nimble (~> 7.0)
  - Quick (~> 1.2.0)

SPEC REPOS:
  https://github.com/cocoapods/specs.git:
    - Nimble
    - Quick

EXTERNAL SOURCES:
  BoxData:
    :path: "../"

SPEC CHECKSUMS:
  BoxData: 471d66e594016d19338e350ae9698916b94a2ba3
  Nimble: 051e3d8912d40138fa5591c78594f95fb172af37
  Quick: 58d203b1c5e27fff7229c4c1ae445ad7069a7a08

PODFILE CHECKSUM: 1838f52d15cbb5f83dc51f85204207cc9650226b

COCOAPODS: 1.7.5
