// !$*UTF8*$!
{
	archiveVersion = 1;
	classes = {
	};
	objectVersion = 50;
	objects = {

/* Begin PBXBuildFile section */
		B60BAC9F232281AA0081B600 /* ListTag.swift in Sources */ = {isa = PBXBuildFile; fileRef = B60BAC9E232281AA0081B600 /* ListTag.swift */; };
		B60BACA1232331B60081B600 /* AnyTag.swift in Sources */ = {isa = PBXBuildFile; fileRef = B60BACA0232331B60081B600 /* AnyTag.swift */; };
		B694D1E723233BE200811F0E /* CompoundTag.swift in Sources */ = {isa = PBXBuildFile; fileRef = B694D1E623233BE200811F0E /* CompoundTag.swift */; };
		B694D1E9232346DE00811F0E /* TagID.swift in Sources */ = {isa = PBXBuildFile; fileRef = B694D1E8232346DE00811F0E /* TagID.swift */; };
		B694D1EB2323535900811F0E /* ByteArrayTag.swift in Sources */ = {isa = PBXBuildFile; fileRef = B694D1EA2323535900811F0E /* ByteArrayTag.swift */; };
		B6AF1B5D232275800099EBAE /* main.swift in Sources */ = {isa = PBXBuildFile; fileRef = B6AF1B5C232275800099EBAE /* main.swift */; };
		B6AF1B75232275AE0099EBAE /* EndTag.swift in Sources */ = {isa = PBXBuildFile; fileRef = B6AF1B65232275AE0099EBAE /* EndTag.swift */; };
		B6AF1B76232275AE0099EBAE /* LongTag.swift in Sources */ = {isa = PBXBuildFile; fileRef = B6AF1B67232275AE0099EBAE /* LongTag.swift */; };
		B6AF1B77232275AE0099EBAE /* IntegerTag.swift in Sources */ = {isa = PBXBuildFile; fileRef = B6AF1B68232275AE0099EBAE /* IntegerTag.swift */; };
		B6AF1B78232275AE0099EBAE /* IntTag.swift in Sources */ = {isa = PBXBuildFile; fileRef = B6AF1B69232275AE0099EBAE /* IntTag.swift */; };
		B6AF1B79232275AE0099EBAE /* ShortTag.swift in Sources */ = {isa = PBXBuildFile; fileRef = B6AF1B6A232275AE0099EBAE /* ShortTag.swift */; };
		B6AF1B7A232275AE0099EBAE /* ByteTag.swift in Sources */ = {isa = PBXBuildFile; fileRef = B6AF1B6B232275AE0099EBAE /* ByteTag.swift */; };
		B6AF1B7B232275AE0099EBAE /* FloatTag.swift in Sources */ = {isa = PBXBuildFile; fileRef = B6AF1B6D232275AE0099EBAE /* FloatTag.swift */; };
		B6AF1B7C232275AE0099EBAE /* DoubleTag.swift in Sources */ = {isa = PBXBuildFile; fileRef = B6AF1B6E232275AE0099EBAE /* DoubleTag.swift */; };
		B6AF1B7D232275AE0099EBAE /* FloatingTag.swift in Sources */ = {isa = PBXBuildFile; fileRef = B6AF1B6F232275AE0099EBAE /* FloatingTag.swift */; };
		B6AF1B7E232275AE0099EBAE /* ValueTag.swift in Sources */ = {isa = PBXBuildFile; fileRef = B6AF1B70232275AE0099EBAE /* ValueTag.swift */; };
		B6AF1B7F232275AE0099EBAE /* Ex+DataStream.swift in Sources */ = {isa = PBXBuildFile; fileRef = B6AF1B71232275AE0099EBAE /* Ex+DataStream.swift */; };
		B6AF1B80232275AE0099EBAE /* DataStream.swift in Sources */ = {isa = PBXBuildFile; fileRef = B6AF1B72232275AE0099EBAE /* DataStream.swift */; };
		B6AF1B82232275AE0099EBAE /* TagFactory.swift in Sources */ = {isa = PBXBuildFile; fileRef = B6AF1B74232275AE0099EBAE /* TagFactory.swift */; };
		B6AF1B86232276F40099EBAE /* ArrayTag.swift in Sources */ = {isa = PBXBuildFile; fileRef = B6AF1B85232276F40099EBAE /* ArrayTag.swift */; };
		B6AF1B88232278410099EBAE /* IntArrayTag.swift in Sources */ = {isa = PBXBuildFile; fileRef = B6AF1B87232278410099EBAE /* IntArrayTag.swift */; };
		B6AF1B8A23227A2A0099EBAE /* LongArrayTag.swift in Sources */ = {isa = PBXBuildFile; fileRef = B6AF1B8923227A2A0099EBAE /* LongArrayTag.swift */; };
		B6AF1B8C23227A7B0099EBAE /* StringTag.swift in Sources */ = {isa = PBXBuildFile; fileRef = B6AF1B8B23227A7B0099EBAE /* StringTag.swift */; };
/* End PBXBuildFile section */

/* Begin PBXCopyFilesBuildPhase section */
		B6AF1B57232275800099EBAE /* CopyFiles */ = {
			isa = PBXCopyFilesBuildPhase;
			buildActionMask = 2147483647;
			dstPath = /usr/share/man/man1/;
			dstSubfolderSpec = 0;
			files = (
			);
			runOnlyForDeploymentPostprocessing = 1;
		};
/* End PBXCopyFilesBuildPhase section */

/* Begin PBXFileReference section */
		B60BAC9E232281AA0081B600 /* ListTag.swift */ = {isa = PBXFileReference; lastKnownFileType = sourcecode.swift; path = ListTag.swift; sourceTree = "<group>"; };
		B60BACA0232331B60081B600 /* AnyTag.swift */ = {isa = PBXFileReference; lastKnownFileType = sourcecode.swift; path = AnyTag.swift; sourceTree = "<group>"; };
		B694D1E623233BE200811F0E /* CompoundTag.swift */ = {isa = PBXFileReference; lastKnownFileType = sourcecode.swift; path = CompoundTag.swift; sourceTree = "<group>"; };
		B694D1E8232346DE00811F0E /* TagID.swift */ = {isa = PBXFileReference; lastKnownFileType = sourcecode.swift; path = TagID.swift; sourceTree = "<group>"; };
		B694D1EA2323535900811F0E /* ByteArrayTag.swift */ = {isa = PBXFileReference; lastKnownFileType = sourcecode.swift; path = ByteArrayTag.swift; sourceTree = "<group>"; };
		B6AF1B59232275800099EBAE /* NBT */ = {isa = PBXFileReference; explicitFileType = "compiled.mach-o.executable"; includeInIndex = 0; path = NBT; sourceTree = BUILT_PRODUCTS_DIR; };
		B6AF1B5C232275800099EBAE /* main.swift */ = {isa = PBXFileReference; lastKnownFileType = sourcecode.swift; path = main.swift; sourceTree = "<group>"; };
		B6AF1B65232275AE0099EBAE /* EndTag.swift */ = {isa = PBXFileReference; fileEncoding = 4; lastKnownFileType = sourcecode.swift; path = EndTag.swift; sourceTree = "<group>"; };
		B6AF1B67232275AE0099EBAE /* LongTag.swift */ = {isa = PBXFileReference; fileEncoding = 4; lastKnownFileType = sourcecode.swift; path = LongTag.swift; sourceTree = "<group>"; };
		B6AF1B68232275AE0099EBAE /* IntegerTag.swift */ = {isa = PBXFileReference; fileEncoding = 4; lastKnownFileType = sourcecode.swift; path = IntegerTag.swift; sourceTree = "<group>"; };
		B6AF1B69232275AE0099EBAE /* IntTag.swift */ = {isa = PBXFileReference; fileEncoding = 4; lastKnownFileType = sourcecode.swift; path = IntTag.swift; sourceTree = "<group>"; };
		B6AF1B6A232275AE0099EBAE /* ShortTag.swift */ = {isa = PBXFileReference; fileEncoding = 4; lastKnownFileType = sourcecode.swift; path = ShortTag.swift; sourceTree = "<group>"; };
		B6AF1B6B232275AE0099EBAE /* ByteTag.swift */ = {isa = PBXFileReference; fileEncoding = 4; lastKnownFileType = sourcecode.swift; path = ByteTag.swift; sourceTree = "<group>"; };
		B6AF1B6D232275AE0099EBAE /* FloatTag.swift */ = {isa = PBXFileReference; fileEncoding = 4; lastKnownFileType = sourcecode.swift; path = FloatTag.swift; sourceTree = "<group>"; };
		B6AF1B6E232275AE0099EBAE /* DoubleTag.swift */ = {isa = PBXFileReference; fileEncoding = 4; lastKnownFileType = sourcecode.swift; path = DoubleTag.swift; sourceTree = "<group>"; };
		B6AF1B6F232275AE0099EBAE /* FloatingTag.swift */ = {isa = PBXFileReference; fileEncoding = 4; lastKnownFileType = sourcecode.swift; path = FloatingTag.swift; sourceTree = "<group>"; };
		B6AF1B70232275AE0099EBAE /* ValueTag.swift */ = {isa = PBXFileReference; fileEncoding = 4; lastKnownFileType = sourcecode.swift; path = ValueTag.swift; sourceTree = "<group>"; };
		B6AF1B71232275AE0099EBAE /* Ex+DataStream.swift */ = {isa = PBXFileReference; fileEncoding = 4; lastKnownFileType = sourcecode.swift; path = "Ex+DataStream.swift"; sourceTree = "<group>"; };
		B6AF1B72232275AE0099EBAE /* DataStream.swift */ = {isa = PBXFileReference; fileEncoding = 4; lastKnownFileType = sourcecode.swift; path = DataStream.swift; sourceTree = "<group>"; };
		B6AF1B74232275AE0099EBAE /* TagFactory.swift */ = {isa = PBXFileReference; fileEncoding = 4; lastKnownFileType = sourcecode.swift; path = TagFactory.swift; sourceTree = "<group>"; };
		B6AF1B85232276F40099EBAE /* ArrayTag.swift */ = {isa = PBXFileReference; lastKnownFileType = sourcecode.swift; path = ArrayTag.swift; sourceTree = "<group>"; };
		B6AF1B87232278410099EBAE /* IntArrayTag.swift */ = {isa = PBXFileReference; lastKnownFileType = sourcecode.swift; path = IntArrayTag.swift; sourceTree = "<group>"; };
		B6AF1B8923227A2A0099EBAE /* LongArrayTag.swift */ = {isa = PBXFileReference; lastKnownFileType = sourcecode.swift; path = LongArrayTag.swift; sourceTree = "<group>"; };
		B6AF1B8B23227A7B0099EBAE /* StringTag.swift */ = {isa = PBXFileReference; lastKnownFileType = sourcecode.swift; path = StringTag.swift; sourceTree = "<group>"; };
/* End PBXFileReference section */

/* Begin PBXFrameworksBuildPhase section */
		B6AF1B56232275800099EBAE /* Frameworks */ = {
			isa = PBXFrameworksBuildPhase;
			buildActionMask = 2147483647;
			files = (
			);
			runOnlyForDeploymentPostprocessing = 0;
		};
/* End PBXFrameworksBuildPhase section */

/* Begin PBXGroup section */
		B694D1EC23235AE200811F0E /* ValueTags */ = {
			isa = PBXGroup;
			children = (
				B6AF1B69232275AE0099EBAE /* IntTag.swift */,
				B6AF1B6A232275AE0099EBAE /* ShortTag.swift */,
				B6AF1B6D232275AE0099EBAE /* FloatTag.swift */,
				B6AF1B68232275AE0099EBAE /* IntegerTag.swift */,
				B6AF1B6B232275AE0099EBAE /* ByteTag.swift */,
				B6AF1B8923227A2A0099EBAE /* LongArrayTag.swift */,
				B6AF1B6E232275AE0099EBAE /* DoubleTag.swift */,
				B694D1EA2323535900811F0E /* ByteArrayTag.swift */,
				B694D1E623233BE200811F0E /* CompoundTag.swift */,
				B6AF1B87232278410099EBAE /* IntArrayTag.swift */,
				B60BAC9E232281AA0081B600 /* ListTag.swift */,
				B6AF1B8B23227A7B0099EBAE /* StringTag.swift */,
				B6AF1B67232275AE0099EBAE /* LongTag.swift */,
			);
			path = ValueTags;
			sourceTree = "<group>";
		};
		B6AF1B50232275800099EBAE = {
			isa = PBXGroup;
			children = (
				B6AF1B5B232275800099EBAE /* NBT */,
				B6AF1B5A232275800099EBAE /* Products */,
			);
			sourceTree = "<group>";
		};
		B6AF1B5A232275800099EBAE /* Products */ = {
			isa = PBXGroup;
			children = (
				B6AF1B59232275800099EBAE /* NBT */,
			);
			name = Products;
			sourceTree = "<group>";
		};
		B6AF1B5B232275800099EBAE /* NBT */ = {
			isa = PBXGroup;
			children = (
				B6AF1B63232275AE0099EBAE /* NBT */,
			);
			path = NBT;
			sourceTree = "<group>";
		};
		B6AF1B63232275AE0099EBAE /* NBT */ = {
			isa = PBXGroup;
			children = (
				B6AF1B5C232275800099EBAE /* main.swift */,
				B6AF1B64232275AE0099EBAE /* Tags */,
				B6AF1B71232275AE0099EBAE /* Ex+DataStream.swift */,
				B6AF1B72232275AE0099EBAE /* DataStream.swift */,
				B6AF1B74232275AE0099EBAE /* TagFactory.swift */,
			);
			path = NBT;
			sourceTree = "<group>";
		};
		B6AF1B64232275AE0099EBAE /* Tags */ = {
			isa = PBXGroup;
			children = (
				B60BACA0232331B60081B600 /* AnyTag.swift */,
				B6AF1B70232275AE0099EBAE /* ValueTag.swift */,
				B6AF1B65232275AE0099EBAE /* EndTag.swift */,
				B694D1E8232346DE00811F0E /* TagID.swift */,
				B6AF1B6F232275AE0099EBAE /* FloatingTag.swift */,
				B6AF1B85232276F40099EBAE /* ArrayTag.swift */,
				B694D1EC23235AE200811F0E /* ValueTags */,
			);
			path = Tags;
			sourceTree = "<group>";
		};
/* End PBXGroup section */

/* Begin PBXNativeTarget section */
		B6AF1B58232275800099EBAE /* NBT */ = {
			isa = PBXNativeTarget;
			buildConfigurationList = B6AF1B60232275800099EBAE /* Build configuration list for PBXNativeTarget "NBT" */;
			buildPhases = (
				B6AF1B55232275800099EBAE /* Sources */,
				B6AF1B56232275800099EBAE /* Frameworks */,
				B6AF1B57232275800099EBAE /* CopyFiles */,
			);
			buildRules = (
			);
			dependencies = (
			);
			name = NBT;
			productName = NBT;
			productReference = B6AF1B59232275800099EBAE /* NBT */;
			productType = "com.apple.product-type.tool";
		};
/* End PBXNativeTarget section */

/* Begin PBXProject section */
		B6AF1B51232275800099EBAE /* Project object */ = {
			isa = PBXProject;
			attributes = {
				LastSwiftUpdateCheck = 1100;
				LastUpgradeCheck = 1100;
				ORGANIZATIONNAME = yuki;
				TargetAttributes = {
					B6AF1B58232275800099EBAE = {
						CreatedOnToolsVersion = 11.0;
					};
				};
			};
			buildConfigurationList = B6AF1B54232275800099EBAE /* Build configuration list for PBXProject "NBT" */;
			compatibilityVersion = "Xcode 9.3";
			developmentRegion = en;
			hasScannedForEncodings = 0;
			knownRegions = (
				en,
				Base,
			);
			mainGroup = B6AF1B50232275800099EBAE;
			productRefGroup = B6AF1B5A232275800099EBAE /* Products */;
			projectDirPath = "";
			projectRoot = "";
			targets = (
				B6AF1B58232275800099EBAE /* NBT */,
			);
		};
/* End PBXProject section */

/* Begin PBXSourcesBuildPhase section */
		B6AF1B55232275800099EBAE /* Sources */ = {
			isa = PBXSourcesBuildPhase;
			buildActionMask = 2147483647;
			files = (
				B6AF1B7D232275AE0099EBAE /* FloatingTag.swift in Sources */,
				B6AF1B7A232275AE0099EBAE /* ByteTag.swift in Sources */,
				B6AF1B88232278410099EBAE /* IntArrayTag.swift in Sources */,
				B6AF1B75232275AE0099EBAE /* EndTag.swift in Sources */,
				B6AF1B79232275AE0099EBAE /* ShortTag.swift in Sources */,
				B694D1E723233BE200811F0E /* CompoundTag.swift in Sources */,
				B6AF1B7F232275AE0099EBAE /* Ex+DataStream.swift in Sources */,
				B6AF1B7B232275AE0099EBAE /* FloatTag.swift in Sources */,
				B60BACA1232331B60081B600 /* AnyTag.swift in Sources */,
				B6AF1B77232275AE0099EBAE /* IntegerTag.swift in Sources */,
				B6AF1B7E232275AE0099EBAE /* ValueTag.swift in Sources */,
				B6AF1B78232275AE0099EBAE /* IntTag.swift in Sources */,
				B60BAC9F232281AA0081B600 /* ListTag.swift in Sources */,
				B694D1EB2323535900811F0E /* ByteArrayTag.swift in Sources */,
				B6AF1B8A23227A2A0099EBAE /* LongArrayTag.swift in Sources */,
				B6AF1B8C23227A7B0099EBAE /* StringTag.swift in Sources */,
				B6AF1B76232275AE0099EBAE /* LongTag.swift in Sources */,
				B6AF1B7C232275AE0099EBAE /* DoubleTag.swift in Sources */,
				B6AF1B86232276F40099EBAE /* ArrayTag.swift in Sources */,
				B6AF1B80232275AE0099EBAE /* DataStream.swift in Sources */,
				B6AF1B82232275AE0099EBAE /* TagFactory.swift in Sources */,
				B6AF1B5D232275800099EBAE /* main.swift in Sources */,
				B694D1E9232346DE00811F0E /* TagID.swift in Sources */,
			);
			runOnlyForDeploymentPostprocessing = 0;
		};
/* End PBXSourcesBuildPhase section */

/* Begin XCBuildConfiguration section */
		B6AF1B5E232275800099EBAE /* Debug */ = {
			isa = XCBuildConfiguration;
			buildSettings = {
				ALWAYS_SEARCH_USER_PATHS = NO;
				CLANG_ANALYZER_NONNULL = YES;
				CLANG_ANALYZER_NUMBER_OBJECT_CONVERSION = YES_AGGRESSIVE;
				CLANG_CXX_LANGUAGE_STANDARD = "gnu++14";
				CLANG_CXX_LIBRARY = "libc++";
				CLANG_ENABLE_MODULES = YES;
				CLANG_ENABLE_OBJC_ARC = YES;
				CLANG_ENABLE_OBJC_WEAK = YES;
				CLANG_WARN_BLOCK_CAPTURE_AUTORELEASING = YES;
				CLANG_WARN_BOOL_CONVERSION = YES;
				CLANG_WARN_COMMA = YES;
				CLANG_WARN_CONSTANT_CONVERSION = YES;
				CLANG_WARN_DEPRECATED_OBJC_IMPLEMENTATIONS = YES;
				CLANG_WARN_DIRECT_OBJC_ISA_USAGE = YES_ERROR;
				CLANG_WARN_DOCUMENTATION_COMMENTS = YES;
				CLANG_WARN_EMPTY_BODY = YES;
				CLANG_WARN_ENUM_CONVERSION = YES;
				CLANG_WARN_INFINITE_RECURSION = YES;
				CLANG_WARN_INT_CONVERSION = YES;
				CLANG_WARN_NON_LITERAL_NULL_CONVERSION = YES;
				CLANG_WARN_OBJC_IMPLICIT_RETAIN_SELF = YES;
				CLANG_WARN_OBJC_LITERAL_CONVERSION = YES;
				CLANG_WARN_OBJC_ROOT_CLASS = YES_ERROR;
				CLANG_WARN_RANGE_LOOP_ANALYSIS = YES;
				CLANG_WARN_STRICT_PROTOTYPES = YES;
				CLANG_WARN_SUSPICIOUS_MOVE = YES;
				CLANG_WARN_UNGUARDED_AVAILABILITY = YES_AGGRESSIVE;
				CLANG_WARN_UNREACHABLE_CODE = YES;
				CLANG_WARN__DUPLICATE_METHOD_MATCH = YES;
				COPY_PHASE_STRIP = NO;
				DEBUG_INFORMATION_FORMAT = dwarf;
				ENABLE_STRICT_OBJC_MSGSEND = YES;
				ENABLE_TESTABILITY = YES;
				GCC_C_LANGUAGE_STANDARD = gnu11;
				GCC_DYNAMIC_NO_PIC = NO;
				GCC_NO_COMMON_BLOCKS = YES;
				GCC_OPTIMIZATION_LEVEL = 0;
				GCC_PREPROCESSOR_DEFINITIONS = (
					"DEBUG=1",
					"$(inherited)",
				);
				GCC_WARN_64_TO_32_BIT_CONVERSION = YES;
				GCC_WARN_ABOUT_RETURN_TYPE = YES_ERROR;
				GCC_WARN_UNDECLARED_SELECTOR = YES;
				GCC_WARN_UNINITIALIZED_AUTOS = YES_AGGRESSIVE;
				GCC_WARN_UNUSED_FUNCTION = YES;
				GCC_WARN_UNUSED_VARIABLE = YES;
				MACOSX_DEPLOYMENT_TARGET = 10.15;
				MTL_ENABLE_DEBUG_INFO = INCLUDE_SOURCE;
				MTL_FAST_MATH = YES;
				ONLY_ACTIVE_ARCH = YES;
				SDKROOT = macosx;
				SWIFT_ACTIVE_COMPILATION_CONDITIONS = DEBUG;
				SWIFT_OPTIMIZATION_LEVEL = "-Onone";
			};
			name = Debug;
		};
		B6AF1B5F232275800099EBAE /* Release */ = {
			isa = XCBuildConfiguration;
			buildSettings = {
				ALWAYS_SEARCH_USER_PATHS = NO;
				CLANG_ANALYZER_NONNULL = YES;
				CLANG_ANALYZER_NUMBER_OBJECT_CONVERSION = YES_AGGRESSIVE;
				CLANG_CXX_LANGUAGE_STANDARD = "gnu++14";
				CLANG_CXX_LIBRARY = "libc++";
				CLANG_ENABLE_MODULES = YES;
				CLANG_ENABLE_OBJC_ARC = YES;
				CLANG_ENABLE_OBJC_WEAK = YES;
				CLANG_WARN_BLOCK_CAPTURE_AUTORELEASING = YES;
				CLANG_WARN_BOOL_CONVERSION = YES;
				CLANG_WARN_COMMA = YES;
				CLANG_WARN_CONSTANT_CONVERSION = YES;
				CLANG_WARN_DEPRECATED_OBJC_IMPLEMENTATIONS = YES;
				CLANG_WARN_DIRECT_OBJC_ISA_USAGE = YES_ERROR;
				CLANG_WARN_DOCUMENTATION_COMMENTS = YES;
				CLANG_WARN_EMPTY_BODY = YES;
				CLANG_WARN_ENUM_CONVERSION = YES;
				CLANG_WARN_INFINITE_RECURSION = YES;
				CLANG_WARN_INT_CONVERSION = YES;
				CLANG_WARN_NON_LITERAL_NULL_CONVERSION = YES;
				CLANG_WARN_OBJC_IMPLICIT_RETAIN_SELF = YES;
				CLANG_WARN_OBJC_LITERAL_CONVERSION = YES;
				CLANG_WARN_OBJC_ROOT_CLASS = YES_ERROR;
				CLANG_WARN_RANGE_LOOP_ANALYSIS = YES;
				CLANG_WARN_STRICT_PROTOTYPES = YES;
				CLANG_WARN_SUSPICIOUS_MOVE = YES;
				CLANG_WARN_UNGUARDED_AVAILABILITY = YES_AGGRESSIVE;
				CLANG_WARN_UNREACHABLE_CODE = YES;
				CLANG_WARN__DUPLICATE_METHOD_MATCH = YES;
				COPY_PHASE_STRIP = NO;
				DEBUG_INFORMATION_FORMAT = "dwarf-with-dsym";
				ENABLE_NS_ASSERTIONS = NO;
				ENABLE_STRICT_OBJC_MSGSEND = YES;
				GCC_C_LANGUAGE_STANDARD = gnu11;
				GCC_NO_COMMON_BLOCKS = YES;
				GCC_WARN_64_TO_32_BIT_CONVERSION = YES;
				GCC_WARN_ABOUT_RETURN_TYPE = YES_ERROR;
				GCC_WARN_UNDECLARED_SELECTOR = YES;
				GCC_WARN_UNINITIALIZED_AUTOS = YES_AGGRESSIVE;
				GCC_WARN_UNUSED_FUNCTION = YES;
				GCC_WARN_UNUSED_VARIABLE = YES;
				MACOSX_DEPLOYMENT_TARGET = 10.15;
				MTL_ENABLE_DEBUG_INFO = NO;
				MTL_FAST_MATH = YES;
				SDKROOT = macosx;
				SWIFT_COMPILATION_MODE = wholemodule;
				SWIFT_OPTIMIZATION_LEVEL = "-O";
			};
			name = Release;
		};
		B6AF1B61232275800099EBAE /* Debug */ = {
			isa = XCBuildConfiguration;
			buildSettings = {
				CODE_SIGN_STYLE = Automatic;
				DEVELOPMENT_TEAM = 4NN4TCPLE3;
				ENABLE_HARDENED_RUNTIME = YES;
				PRODUCT_NAME = "$(TARGET_NAME)";
				SWIFT_VERSION = 5.0;
			};
			name = Debug;
		};
		B6AF1B62232275800099EBAE /* Release */ = {
			isa = XCBuildConfiguration;
			buildSettings = {
				CODE_SIGN_STYLE = Automatic;
				DEVELOPMENT_TEAM = 4NN4TCPLE3;
				ENABLE_HARDENED_RUNTIME = YES;
				PRODUCT_NAME = "$(TARGET_NAME)";
				SWIFT_VERSION = 5.0;
			};
			name = Release;
		};
/* End XCBuildConfiguration section */

/* Begin XCConfigurationList section */
		B6AF1B54232275800099EBAE /* Build configuration list for PBXProject "NBT" */ = {
			isa = XCConfigurationList;
			buildConfigurations = (
				B6AF1B5E232275800099EBAE /* Debug */,
				B6AF1B5F232275800099EBAE /* Release */,
			);
			defaultConfigurationIsVisible = 0;
			defaultConfigurationName = Release;
		};
		B6AF1B60232275800099EBAE /* Build configuration list for PBXNativeTarget "NBT" */ = {
			isa = XCConfigurationList;
			buildConfigurations = (
				B6AF1B61232275800099EBAE /* Debug */,
				B6AF1B62232275800099EBAE /* Release */,
			);
			defaultConfigurationIsVisible = 0;
			defaultConfigurationName = Release;
		};
/* End XCConfigurationList section */
	};
	rootObject = B6AF1B51232275800099EBAE /* Project object */;
}
